
Microsoft Visual Studio Solution File, Format Version 12.00
# Visual Studio Version 17
VisualStudioVersion = 17.1.32228.430
MinimumVisualStudioVersion = 10.0.40219.1
Project("{FAE04EC0-301F-11D3-BF4B-00C04F79EFBC}") = "BlazorApp3", "BlazorApp3\BlazorApp3.csproj", "{1573E28D-7A06-492B-8B11-A6C53230E95A}"
EndProject
Global
	GlobalSection(SolutionConfigurationPlatforms) = preSolution
		Debug|Any CPU = Debug|Any CPU
		Release|Any CPU = Release|Any CPU
	EndGlobalSection
	GlobalSection(ProjectConfigurationPlatforms) = postSolution
		{1573E28D-7A06-492B-8B11-A6C53230E95A}.Debug|Any CPU.ActiveCfg = Debug|Any CPU
		{1573E28D-7A06-492B-8B11-A6C53230E95A}.Debug|Any CPU.Build.0 = Debug|Any CPU
		{1573E28D-7A06-492B-8B11-A6C53230E95A}.Release|Any CPU.ActiveCfg = Release|Any CPU
		{1573E28D-7A06-492B-8B11-A6C53230E95A}.Release|Any CPU.Build.0 = Release|Any CPU
	EndGlobalSection
	GlobalSection(SolutionProperties) = preSolution
		HideSolutionNode = FALSE
	EndGlobalSection
	GlobalSection(ExtensibilityGlobals) = postSolution
		SolutionGuid = {156B9998-8CF2-4F44-B4EF-065E32044708}
	EndGlobalSection
EndGlobal
